
Microsoft Visual Studio Solution File, Format Version 12.00
# Visual Studio 15
VisualStudioVersion = 15.0.26730.16
MinimumVisualStudioVersion = 10.0.40219.1
Project("{9A19103F-16F7-4668-BE54-9A1E7A4F7556}") = "WebApi", "WebApi\WebApi.csproj", "{07DC2EFB-787D-433E-8B81-AB714A285ED1}"
EndProject
Project("{9A19103F-16F7-4668-BE54-9A1E7A4F7556}") = "Shared", "Shared\Shared.csproj", "{FC80E23E-296F-4AF7-8347-A02E61AC6193}"
EndProject
Global
	GlobalSection(SolutionConfigurationPlatforms) = preSolution
		Debug|Any CPU = Debug|Any CPU
		Release|Any CPU = Release|Any CPU
	EndGlobalSection
	GlobalSection(ProjectConfigurationPlatforms) = postSolution
		{07DC2EFB-787D-433E-8B81-AB714A285ED1}.Debug|Any CPU.ActiveCfg = Debug|Any CPU
		{07DC2EFB-787D-433E-8B81-AB714A285ED1}.Debug|Any CPU.Build.0 = Debug|Any CPU
		{07DC2EFB-787D-433E-8B81-AB714A285ED1}.Release|Any CPU.ActiveCfg = Release|Any CPU
		{07DC2EFB-787D-433E-8B81-AB714A285ED1}.Release|Any CPU.Build.0 = Release|Any CPU
		{FC80E23E-296F-4AF7-8347-A02E61AC6193}.Debug|Any CPU.ActiveCfg = Debug|Any CPU
		{FC80E23E-296F-4AF7-8347-A02E61AC6193}.Debug|Any CPU.Build.0 = Debug|Any CPU
		{FC80E23E-296F-4AF7-8347-A02E61AC6193}.Release|Any CPU.ActiveCfg = Release|Any CPU
		{FC80E23E-296F-4AF7-8347-A02E61AC6193}.Release|Any CPU.Build.0 = Release|Any CPU
	EndGlobalSection
	GlobalSection(SolutionProperties) = preSolution
		HideSolutionNode = FALSE
	EndGlobalSection
	GlobalSection(ExtensibilityGlobals) = postSolution
		SolutionGuid = {F82EAA88-7FA0-44BA-9A6D-9CB792E132BD}
	EndGlobalSection
EndGlobal
